
Microsoft Visual Studio Solution File, Format Version 12.00
Project("{FAE04EC0-301F-11D3-BF4B-00C04F79EFBC}") = "TSCutter.GUI", "TSCutter.GUI\TSCutter.GUI.csproj", "{88388EA7-DE1C-4C90-9505-DF85D8E2E83F}"
EndProject
Global
	GlobalSection(SolutionConfigurationPlatforms) = preSolution
		Debug|Any CPU = Debug|Any CPU
		Release|Any CPU = Release|Any CPU
	EndGlobalSection
	GlobalSection(ProjectConfigurationPlatforms) = postSolution
		{88388EA7-DE1C-4C90-9505-DF85D8E2E83F}.Debug|Any CPU.ActiveCfg = Debug|Any CPU
		{88388EA7-DE1C-4C90-9505-DF85D8E2E83F}.Debug|Any CPU.Build.0 = Debug|Any CPU
		{88388EA7-DE1C-4C90-9505-DF85D8E2E83F}.Release|Any CPU.ActiveCfg = Release|Any CPU
		{88388EA7-DE1C-4C90-9505-DF85D8E2E83F}.Release|Any CPU.Build.0 = Release|Any CPU
	EndGlobalSection
EndGlobal
